
Microsoft Visual Studio Solution File, Format Version 12.00
# Visual Studio Version 17
VisualStudioVersion = 17.9.34728.123
MinimumVisualStudioVersion = 10.0.40219.1
Project("{FAE04EC0-301F-11D3-BF4B-00C04F79EFBC}") = "ProjetoDIOTestesTDD", "ProjetoDIOTestesTDD\ProjetoDIOTestesTDD.csproj", "{FBE2E0B0-5CF1-496F-A81B-F6C00D3CF89F}"
EndProject
Project("{FAE04EC0-301F-11D3-BF4B-00C04F79EFBC}") = "TestesProjetoDIOTestesTDD", "TestesProjetoDIOTestesTDD\TestesProjetoDIOTestesTDD.csproj", "{FF9738CE-1862-49F1-81C7-A5CE6F1548E7}"
EndProject
Global
	GlobalSection(SolutionConfigurationPlatforms) = preSolution
		Debug|Any CPU = Debug|Any CPU
		Release|Any CPU = Release|Any CPU
	EndGlobalSection
	GlobalSection(ProjectConfigurationPlatforms) = postSolution
		{FBE2E0B0-5CF1-496F-A81B-F6C00D3CF89F}.Debug|Any CPU.ActiveCfg = Debug|Any CPU
		{FBE2E0B0-5CF1-496F-A81B-F6C00D3CF89F}.Debug|Any CPU.Build.0 = Debug|Any CPU
		{FBE2E0B0-5CF1-496F-A81B-F6C00D3CF89F}.Release|Any CPU.ActiveCfg = Release|Any CPU
		{FBE2E0B0-5CF1-496F-A81B-F6C00D3CF89F}.Release|Any CPU.Build.0 = Release|Any CPU
		{FF9738CE-1862-49F1-81C7-A5CE6F1548E7}.Debug|Any CPU.ActiveCfg = Debug|Any CPU
		{FF9738CE-1862-49F1-81C7-A5CE6F1548E7}.Debug|Any CPU.Build.0 = Debug|Any CPU
		{FF9738CE-1862-49F1-81C7-A5CE6F1548E7}.Release|Any CPU.ActiveCfg = Release|Any CPU
		{FF9738CE-1862-49F1-81C7-A5CE6F1548E7}.Release|Any CPU.Build.0 = Release|Any CPU
	EndGlobalSection
	GlobalSection(SolutionProperties) = preSolution
		HideSolutionNode = FALSE
	EndGlobalSection
	GlobalSection(ExtensibilityGlobals) = postSolution
		SolutionGuid = {10F95AFA-3ADD-457C-BB6B-191E9E954333}
	EndGlobalSection
EndGlobal
